
Microsoft Visual Studio Solution File, Format Version 12.00
# Visual Studio Version 16
VisualStudioVersion = 16.0.29306.81
MinimumVisualStudioVersion = 10.0.40219.1
Project("{FAE04EC0-301F-11D3-BF4B-00C04F79EFBC}") = "DotNetCoreTraining", "DotNetCoreTraining\DotNetCoreTraining.csproj", "{9A752BF1-FDE4-4723-BF90-741E58C8100D}"
EndProject
Global
	GlobalSection(SolutionConfigurationPlatforms) = preSolution
		Debug|Any CPU = Debug|Any CPU
		Release|Any CPU = Release|Any CPU
	EndGlobalSection
	GlobalSection(ProjectConfigurationPlatforms) = postSolution
		{9A752BF1-FDE4-4723-BF90-741E58C8100D}.Debug|Any CPU.ActiveCfg = Debug|Any CPU
		{9A752BF1-FDE4-4723-BF90-741E58C8100D}.Debug|Any CPU.Build.0 = Debug|Any CPU
		{9A752BF1-FDE4-4723-BF90-741E58C8100D}.Release|Any CPU.ActiveCfg = Release|Any CPU
		{9A752BF1-FDE4-4723-BF90-741E58C8100D}.Release|Any CPU.Build.0 = Release|Any CPU
	EndGlobalSection
	GlobalSection(SolutionProperties) = preSolution
		HideSolutionNode = FALSE
	EndGlobalSection
	GlobalSection(ExtensibilityGlobals) = postSolution
		SolutionGuid = {8D97168B-87AF-4D4D-8036-CE6E856FB7E5}
	EndGlobalSection
EndGlobal
